
Microsoft Visual Studio Solution File, Format Version 12.00
# Visual Studio 15
VisualStudioVersion = 15.0.28307.168
MinimumVisualStudioVersion = 10.0.40219.1
Project("{FAE04EC0-301F-11D3-BF4B-00C04F79EFBC}") = "RepositoryPattern", "RepositoryPattern\RepositoryPattern.csproj", "{F8C2C17B-44A7-4C50-BC04-038C484A5D90}"
EndProject
Project("{FAE04EC0-301F-11D3-BF4B-00C04F79EFBC}") = "RepositoryPattern-BOL", "RepositoryPattern-BOL\RepositoryPattern-BOL.csproj", "{95BE4DB9-C685-4C9F-8823-A38325B2218F}"
EndProject
Project("{FAE04EC0-301F-11D3-BF4B-00C04F79EFBC}") = "RepositoryPattern-Core", "RepositoryPattern-Core\RepositoryPattern-Core.csproj", "{770E33A9-108C-4207-9299-CDAF15E495A6}"
EndProject
Global
	GlobalSection(SolutionConfigurationPlatforms) = preSolution
		Debug|Any CPU = Debug|Any CPU
		Release|Any CPU = Release|Any CPU
	EndGlobalSection
	GlobalSection(ProjectConfigurationPlatforms) = postSolution
		{F8C2C17B-44A7-4C50-BC04-038C484A5D90}.Debug|Any CPU.ActiveCfg = Debug|Any CPU
		{F8C2C17B-44A7-4C50-BC04-038C484A5D90}.Debug|Any CPU.Build.0 = Debug|Any CPU
		{F8C2C17B-44A7-4C50-BC04-038C484A5D90}.Release|Any CPU.ActiveCfg = Release|Any CPU
		{F8C2C17B-44A7-4C50-BC04-038C484A5D90}.Release|Any CPU.Build.0 = Release|Any CPU
		{95BE4DB9-C685-4C9F-8823-A38325B2218F}.Debug|Any CPU.ActiveCfg = Debug|Any CPU
		{95BE4DB9-C685-4C9F-8823-A38325B2218F}.Debug|Any CPU.Build.0 = Debug|Any CPU
		{95BE4DB9-C685-4C9F-8823-A38325B2218F}.Release|Any CPU.ActiveCfg = Release|Any CPU
		{95BE4DB9-C685-4C9F-8823-A38325B2218F}.Release|Any CPU.Build.0 = Release|Any CPU
		{770E33A9-108C-4207-9299-CDAF15E495A6}.Debug|Any CPU.ActiveCfg = Debug|Any CPU
		{770E33A9-108C-4207-9299-CDAF15E495A6}.Debug|Any CPU.Build.0 = Debug|Any CPU
		{770E33A9-108C-4207-9299-CDAF15E495A6}.Release|Any CPU.ActiveCfg = Release|Any CPU
		{770E33A9-108C-4207-9299-CDAF15E495A6}.Release|Any CPU.Build.0 = Release|Any CPU
	EndGlobalSection
	GlobalSection(SolutionProperties) = preSolution
		HideSolutionNode = FALSE
	EndGlobalSection
	GlobalSection(ExtensibilityGlobals) = postSolution
		SolutionGuid = {8375E1ED-194A-47D4-B6FA-0B2B82672BF2}
	EndGlobalSection
EndGlobal
